# This file is automatically @generated by Cargo.
# It is not intended for manual editing.
version = 3

[[package]]
name = "qubes-castable"
version = "0.1.0"

[[package]]
name = "qubes-gui"
version = "0.1.0"
dependencies = [
 "qubes-castable",
]

[[package]]
name = "qubes-gui-client"
version = "0.1.0"

[[package]]
name = "qubes-gui-server"
version = "0.1.0"

[[package]]
name = "vchan"
version = "0.1.0"
dependencies = [
 "vchan-sys",
]

[[package]]
name = "vchan-sys"
version = "0.1.0"
